// !$*UTF8*$!
{
	archiveVersion = 1;
	classes = {
	};
	objectVersion = 50;
	objects = {

/* Begin PBXBuildFile section */
		D7F505052310DCB0006DEE5F /* AppDelegate.swift in Sources */ = {isa = PBXBuildFile; fileRef = D7F505042310DCB0006DEE5F /* AppDelegate.swift */; };
		D7F5050A2310DCB0006DEE5F /* Main.storyboard in Resources */ = {isa = PBXBuildFile; fileRef = D7F505082310DCB0006DEE5F /* Main.storyboard */; };
		D7F5050C2310DCBA006DEE5F /* Assets.xcassets in Resources */ = {isa = PBXBuildFile; fileRef = D7F5050B2310DCBA006DEE5F /* Assets.xcassets */; };
		D7F5050F2310DCBA006DEE5F /* LaunchScreen.storyboard in Resources */ = {isa = PBXBuildFile; fileRef = D7F5050D2310DCBA006DEE5F /* LaunchScreen.storyboard */; };
		D7F5051A2310E0A4006DEE5F /* README.md in Resources */ = {isa = PBXBuildFile; fileRef = D7F505192310E0A4006DEE5F /* README.md */; };
		D7F5051C2310E0F4006DEE5F /* .gitignore in Resources */ = {isa = PBXBuildFile; fileRef = D7F5051B2310E0F4006DEE5F /* .gitignore */; };
/* End PBXBuildFile section */

/* Begin PBXFileReference section */
		D7F505012310DCB0006DEE5F /* TaskMaster.app */ = {isa = PBXFileReference; explicitFileType = wrapper.application; includeInIndex = 0; path = TaskMaster.app; sourceTree = BUILT_PRODUCTS_DIR; };
		D7F505042310DCB0006DEE5F /* AppDelegate.swift */ = {isa = PBXFileReference; lastKnownFileType = sourcecode.swift; path = AppDelegate.swift; sourceTree = "<group>"; };
		D7F505092310DCB0006DEE5F /* Base */ = {isa = PBXFileReference; lastKnownFileType = file.storyboard; name = Base; path = Base.lproj/Main.storyboard; sourceTree = "<group>"; };
		D7F5050B2310DCBA006DEE5F /* Assets.xcassets */ = {isa = PBXFileReference; lastKnownFileType = folder.assetcatalog; path = Assets.xcassets; sourceTree = "<group>"; };
		D7F5050E2310DCBA006DEE5F /* Base */ = {isa = PBXFileReference; lastKnownFileType = file.storyboard; name = Base; path = Base.lproj/LaunchScreen.storyboard; sourceTree = "<group>"; };
		D7F505102310DCBA006DEE5F /* Info.plist */ = {isa = PBXFileReference; lastKnownFileType = text.plist.xml; path = Info.plist; sourceTree = "<group>"; };
		D7F505192310E0A4006DEE5F /* README.md */ = {isa = PBXFileReference; lastKnownFileType = net.daringfireball.markdown; path = README.md; sourceTree = "<group>"; };
		D7F5051B2310E0F4006DEE5F /* .gitignore */ = {isa = PBXFileReference; lastKnownFileType = text; path = .gitignore; sourceTree = "<group>"; };
/* End PBXFileReference section */

/* Begin PBXFrameworksBuildPhase section */
		D7F504FE2310DCB0006DEE5F /* Frameworks */ = {
			isa = PBXFrameworksBuildPhase;
			buildActionMask = 2147483647;
			files = (
			);
			runOnlyForDeploymentPostprocessing = 0;
		};
/* End PBXFrameworksBuildPhase section */

/* Begin PBXGroup section */
		D7F504F82310DCB0006DEE5F = {
			isa = PBXGroup;
			children = (
				D7F5051B2310E0F4006DEE5F /* .gitignore */,
				D7F505192310E0A4006DEE5F /* README.md */,
				D7F505032310DCB0006DEE5F /* TaskMaster */,
				D7F505022310DCB0006DEE5F /* Products */,
			);
			sourceTree = "<group>";
		};
		D7F505022310DCB0006DEE5F /* Products */ = {
			isa = PBXGroup;
			children = (
				D7F505012310DCB0006DEE5F /* TaskMaster.app */,
			);
			name = Products;
			sourceTree = "<group>";
		};
		D7F505032310DCB0006DEE5F /* TaskMaster */ = {
			isa = PBXGroup;
			children = (
				D7F505162310DE74006DEE5F /* Controller */,
				D7F505172310DEF9006DEE5F /* View */,
				D7F505182310DF8F006DEE5F /* Supporting Files */,
				D7F5050B2310DCBA006DEE5F /* Assets.xcassets */,
				D7F5050D2310DCBA006DEE5F /* LaunchScreen.storyboard */,
			);
			path = TaskMaster;
			sourceTree = "<group>";
		};
		D7F505162310DE74006DEE5F /* Controller */ = {
			isa = PBXGroup;
			children = (
				D7F505042310DCB0006DEE5F /* AppDelegate.swift */,
			);
			path = Controller;
			sourceTree = "<group>";
		};
		D7F505172310DEF9006DEE5F /* View */ = {
			isa = PBXGroup;
			children = (
				D7F505082310DCB0006DEE5F /* Main.storyboard */,
			);
			path = View;
			sourceTree = "<group>";
		};
		D7F505182310DF8F006DEE5F /* Supporting Files */ = {
			isa = PBXGroup;
			children = (
				D7F505102310DCBA006DEE5F /* Info.plist */,
			);
			path = "Supporting Files";
			sourceTree = "<group>";
		};
/* End PBXGroup section */

/* Begin PBXNativeTarget section */
		D7F505002310DCB0006DEE5F /* TaskMaster */ = {
			isa = PBXNativeTarget;
			buildConfigurationList = D7F505132310DCBA006DEE5F /* Build configuration list for PBXNativeTarget "TaskMaster" */;
			buildPhases = (
				D7F504FD2310DCB0006DEE5F /* Sources */,
				D7F504FE2310DCB0006DEE5F /* Frameworks */,
				D7F504FF2310DCB0006DEE5F /* Resources */,
			);
			buildRules = (
			);
			dependencies = (
			);
			name = TaskMaster;
			productName = TaskMaster;
			productReference = D7F505012310DCB0006DEE5F /* TaskMaster.app */;
			productType = "com.apple.product-type.application";
		};
/* End PBXNativeTarget section */

/* Begin PBXProject section */
		D7F504F92310DCB0006DEE5F /* Project object */ = {
			isa = PBXProject;
			attributes = {
				LastSwiftUpdateCheck = 0940;
				LastUpgradeCheck = 0940;
				ORGANIZATIONNAME = "Raynard Brown";
				TargetAttributes = {
					D7F505002310DCB0006DEE5F = {
						CreatedOnToolsVersion = 9.4.1;
					};
				};
			};
			buildConfigurationList = D7F504FC2310DCB0006DEE5F /* Build configuration list for PBXProject "TaskMaster" */;
			compatibilityVersion = "Xcode 9.3";
			developmentRegion = en;
			hasScannedForEncodings = 0;
			knownRegions = (
				en,
				Base,
			);
			mainGroup = D7F504F82310DCB0006DEE5F;
			productRefGroup = D7F505022310DCB0006DEE5F /* Products */;
			projectDirPath = "";
			projectRoot = "";
			targets = (
				D7F505002310DCB0006DEE5F /* TaskMaster */,
			);
		};
/* End PBXProject section */

/* Begin PBXResourcesBuildPhase section */
		D7F504FF2310DCB0006DEE5F /* Resources */ = {
			isa = PBXResourcesBuildPhase;
			buildActionMask = 2147483647;
			files = (
				D7F5051C2310E0F4006DEE5F /* .gitignore in Resources */,
				D7F5050F2310DCBA006DEE5F /* LaunchScreen.storyboard in Resources */,
				D7F5050C2310DCBA006DEE5F /* Assets.xcassets in Resources */,
				D7F5051A2310E0A4006DEE5F /* README.md in Resources */,
				D7F5050A2310DCB0006DEE5F /* Main.storyboard in Resources */,
			);
			runOnlyForDeploymentPostprocessing = 0;
		};
/* End PBXResourcesBuildPhase section */

/* Begin PBXSourcesBuildPhase section */
		D7F504FD2310DCB0006DEE5F /* Sources */ = {
			isa = PBXSourcesBuildPhase;
			buildActionMask = 2147483647;
			files = (
				D7F505052310DCB0006DEE5F /* AppDelegate.swift in Sources */,
			);
			runOnlyForDeploymentPostprocessing = 0;
		};
/* End PBXSourcesBuildPhase section */

/* Begin PBXVariantGroup section */
		D7F505082310DCB0006DEE5F /* Main.storyboard */ = {
			isa = PBXVariantGroup;
			children = (
				D7F505092310DCB0006DEE5F /* Base */,
			);
			name = Main.storyboard;
			sourceTree = "<group>";
		};
		D7F5050D2310DCBA006DEE5F /* LaunchScreen.storyboard */ = {
			isa = PBXVariantGroup;
			children = (
				D7F5050E2310DCBA006DEE5F /* Base */,
			);
			name = LaunchScreen.storyboard;
			sourceTree = "<group>";
		};
/* End PBXVariantGroup section */

/* Begin XCBuildConfiguration section */
		D7F505112310DCBA006DEE5F /* Debug */ = {
			isa = XCBuildConfiguration;
			buildSettings = {
				ALWAYS_SEARCH_USER_PATHS = NO;
				CLANG_ANALYZER_NONNULL = YES;
				CLANG_ANALYZER_NUMBER_OBJECT_CONVERSION = YES_AGGRESSIVE;
				CLANG_CXX_LANGUAGE_STANDARD = "gnu++14";
				CLANG_CXX_LIBRARY = "libc++";
				CLANG_ENABLE_MODULES = YES;
				CLANG_ENABLE_OBJC_ARC = YES;
				CLANG_ENABLE_OBJC_WEAK = YES;
				CLANG_WARN_BLOCK_CAPTURE_AUTORELEASING = YES;
				CLANG_WARN_BOOL_CONVERSION = YES;
				CLANG_WARN_COMMA = YES;
				CLANG_WARN_CONSTANT_CONVERSION = YES;
				CLANG_WARN_DEPRECATED_OBJC_IMPLEMENTATIONS = YES;
				CLANG_WARN_DIRECT_OBJC_ISA_USAGE = YES_ERROR;
				CLANG_WARN_DOCUMENTATION_COMMENTS = YES;
				CLANG_WARN_EMPTY_BODY = YES;
				CLANG_WARN_ENUM_CONVERSION = YES;
				CLANG_WARN_INFINITE_RECURSION = YES;
				CLANG_WARN_INT_CONVERSION = YES;
				CLANG_WARN_NON_LITERAL_NULL_CONVERSION = YES;
				CLANG_WARN_OBJC_IMPLICIT_RETAIN_SELF = YES;
				CLANG_WARN_OBJC_LITERAL_CONVERSION = YES;
				CLANG_WARN_OBJC_ROOT_CLASS = YES_ERROR;
				CLANG_WARN_RANGE_LOOP_ANALYSIS = YES;
				CLANG_WARN_STRICT_PROTOTYPES = YES;
				CLANG_WARN_SUSPICIOUS_MOVE = YES;
				CLANG_WARN_UNGUARDED_AVAILABILITY = YES_AGGRESSIVE;
				CLANG_WARN_UNREACHABLE_CODE = YES;
				CLANG_WARN__DUPLICATE_METHOD_MATCH = YES;
				CODE_SIGN_IDENTITY = "iPhone Developer";
				COPY_PHASE_STRIP = NO;
				DEBUG_INFORMATION_FORMAT = dwarf;
				ENABLE_STRICT_OBJC_MSGSEND = YES;
				ENABLE_TESTABILITY = YES;
				GCC_C_LANGUAGE_STANDARD = gnu11;
				GCC_DYNAMIC_NO_PIC = NO;
				GCC_NO_COMMON_BLOCKS = YES;
				GCC_OPTIMIZATION_LEVEL = 0;
				GCC_PREPROCESSOR_DEFINITIONS = (
					"DEBUG=1",
					"$(inherited)",
				);
				GCC_WARN_64_TO_32_BIT_CONVERSION = YES;
				GCC_WARN_ABOUT_RETURN_TYPE = YES_ERROR;
				GCC_WARN_UNDECLARED_SELECTOR = YES;
				GCC_WARN_UNINITIALIZED_AUTOS = YES_AGGRESSIVE;
				GCC_WARN_UNUSED_FUNCTION = YES;
				GCC_WARN_UNUSED_VARIABLE = YES;
				IPHONEOS_DEPLOYMENT_TARGET = 11.4;
				MTL_ENABLE_DEBUG_INFO = YES;
				ONLY_ACTIVE_ARCH = YES;
				SDKROOT = iphoneos;
				SWIFT_ACTIVE_COMPILATION_CONDITIONS = DEBUG;
				SWIFT_OPTIMIZATION_LEVEL = "-Onone";
			};
			name = Debug;
		};
		D7F505122310DCBA006DEE5F /* Release */ = {
			isa = XCBuildConfiguration;
			buildSettings = {
				ALWAYS_SEARCH_USER_PATHS = NO;
				CLANG_ANALYZER_NONNULL = YES;
				CLANG_ANALYZER_NUMBER_OBJECT_CONVERSION = YES_AGGRESSIVE;
				CLANG_CXX_LANGUAGE_STANDARD = "gnu++14";
				CLANG_CXX_LIBRARY = "libc++";
				CLANG_ENABLE_MODULES = YES;
				CLANG_ENABLE_OBJC_ARC = YES;
				CLANG_ENABLE_OBJC_WEAK = YES;
				CLANG_WARN_BLOCK_CAPTURE_AUTORELEASING = YES;
				CLANG_WARN_BOOL_CONVERSION = YES;
				CLANG_WARN_COMMA = YES;
				CLANG_WARN_CONSTANT_CONVERSION = YES;
				CLANG_WARN_DEPRECATED_OBJC_IMPLEMENTATIONS = YES;
				CLANG_WARN_DIRECT_OBJC_ISA_USAGE = YES_ERROR;
				CLANG_WARN_DOCUMENTATION_COMMENTS = YES;
				CLANG_WARN_EMPTY_BODY = YES;
				CLANG_WARN_ENUM_CONVERSION = YES;
				CLANG_WARN_INFINITE_RECURSION = YES;
				CLANG_WARN_INT_CONVERSION = YES;
				CLANG_WARN_NON_LITERAL_NULL_CONVERSION = YES;
				CLANG_WARN_OBJC_IMPLICIT_RETAIN_SELF = YES;
				CLANG_WARN_OBJC_LITERAL_CONVERSION = YES;
				CLANG_WARN_OBJC_ROOT_CLASS = YES_ERROR;
				CLANG_WARN_RANGE_LOOP_ANALYSIS = YES;
				CLANG_WARN_STRICT_PROTOTYPES = YES;
				CLANG_WARN_SUSPICIOUS_MOVE = YES;
				CLANG_WARN_UNGUARDED_AVAILABILITY = YES_AGGRESSIVE;
				CLANG_WARN_UNREACHABLE_CODE = YES;
				CLANG_WARN__DUPLICATE_METHOD_MATCH = YES;
				CODE_SIGN_IDENTITY = "iPhone Developer";
				COPY_PHASE_STRIP = NO;
				DEBUG_INFORMATION_FORMAT = "dwarf-with-dsym";
				ENABLE_NS_ASSERTIONS = NO;
				ENABLE_STRICT_OBJC_MSGSEND = YES;
				GCC_C_LANGUAGE_STANDARD = gnu11;
				GCC_NO_COMMON_BLOCKS = YES;
				GCC_WARN_64_TO_32_BIT_CONVERSION = YES;
				GCC_WARN_ABOUT_RETURN_TYPE = YES_ERROR;
				GCC_WARN_UNDECLARED_SELECTOR = YES;
				GCC_WARN_UNINITIALIZED_AUTOS = YES_AGGRESSIVE;
				GCC_WARN_UNUSED_FUNCTION = YES;
				GCC_WARN_UNUSED_VARIABLE = YES;
				IPHONEOS_DEPLOYMENT_TARGET = 11.4;
				MTL_ENABLE_DEBUG_INFO = NO;
				SDKROOT = iphoneos;
				SWIFT_COMPILATION_MODE = wholemodule;
				SWIFT_OPTIMIZATION_LEVEL = "-O";
				VALIDATE_PRODUCT = YES;
			};
			name = Release;
		};
		D7F505142310DCBA006DEE5F /* Debug */ = {
			isa = XCBuildConfiguration;
			buildSettings = {
				ASSETCATALOG_COMPILER_APPICON_NAME = AppIcon;
				CODE_SIGN_STYLE = Automatic;
				INFOPLIST_FILE = TaskMaster/Info.plist;
				LD_RUNPATH_SEARCH_PATHS = (
					"$(inherited)",
					"@executable_path/Frameworks",
				);
				PRODUCT_BUNDLE_IDENTIFIER = com.example.TaskMaster;
				PRODUCT_NAME = "$(TARGET_NAME)";
				SWIFT_VERSION = 4.0;
				TARGETED_DEVICE_FAMILY = "1,2";
			};
			name = Debug;
		};
		D7F505152310DCBA006DEE5F /* Release */ = {
			isa = XCBuildConfiguration;
			buildSettings = {
				ASSETCATALOG_COMPILER_APPICON_NAME = AppIcon;
				CODE_SIGN_STYLE = Automatic;
				INFOPLIST_FILE = TaskMaster/Info.plist;
				LD_RUNPATH_SEARCH_PATHS = (
					"$(inherited)",
					"@executable_path/Frameworks",
				);
				PRODUCT_BUNDLE_IDENTIFIER = com.example.TaskMaster;
				PRODUCT_NAME = "$(TARGET_NAME)";
				SWIFT_VERSION = 4.0;
				TARGETED_DEVICE_FAMILY = "1,2";
			};
			name = Release;
		};
/* End XCBuildConfiguration section */

/* Begin XCConfigurationList section */
		D7F504FC2310DCB0006DEE5F /* Build configuration list for PBXProject "TaskMaster" */ = {
			isa = XCConfigurationList;
			buildConfigurations = (
				D7F505112310DCBA006DEE5F /* Debug */,
				D7F505122310DCBA006DEE5F /* Release */,
			);
			defaultConfigurationIsVisible = 0;
			defaultConfigurationName = Release;
		};
		D7F505132310DCBA006DEE5F /* Build configuration list for PBXNativeTarget "TaskMaster" */ = {
			isa = XCConfigurationList;
			buildConfigurations = (
				D7F505142310DCBA006DEE5F /* Debug */,
				D7F505152310DCBA006DEE5F /* Release */,
			);
			defaultConfigurationIsVisible = 0;
			defaultConfigurationName = Release;
		};
/* End XCConfigurationList section */
	};
	rootObject = D7F504F92310DCB0006DEE5F /* Project object */;
}
